github.com/apparentlymart/go-userdirs v0.0.0-20200915174352-b0c018a67c13 h1:JtuelWqyixKApmXm3qghhZ7O96P6NKpyrlSIe8Rwnhw=
github.com/apparentlymart/go-userdirs v0.0.0-20200915174352-b0c018a67c13/go.mod h1:7kfpUbyCdGJ9fDRCp3fopPQi5+cKNHgTE4ZuNrO71Cw=
github.com/bytecodealliance/componentize-go v0.3.2 h1:XwIx+yruG0WnlmKexpjIzWZg7WzF+N75MsvttkuwEgk=
github.com/bytecodealliance/componentize-go v0.3.2/go.mod h1:w1QFtPLGI9o38epvMOPyCKbMc7q7GJ7yZhIvhGTpzA0=
github.com/gofrs/flock v0.13.0 h1:95JolYOvGMqeH31+FC7D2+uULf6mG61mEZ/A8dRYMzw=
github.com/gofrs/flock v0.13.0/go.mod h1:jxeyy9R1auM5S6JYDBhDt+E2TCo7DkratH4Pgi8P+Z0=
github.com/google/go-cmp v0.3.0/go.mod h1:8QqcDgzrUqlUb/G2PQTWiueGozuR1884gddMywk6iLU=
github.com/julienschmidt/httprouter v1.3.0 h1:U0609e9tgbseu3rBINet9P48AI/D3oJs4dN7jwJOQ1U=
github.com/julienschmidt/httprouter v1.3.0/go.mod h1:JR6WtHb+2LUe8TCKY3cZOxFyyO8IZAc4RVcycCCAKdM=
github.com/spinframework/spin-go-sdk/v3 v3.0.0-20260407161511-f2bf8873711b h1:ssbg3S4ereZoFknFC086rEJ+Q9fED5NLcWfku4elbM0=
github.com/spinframework/spin-go-sdk/v3 v3.0.0-20260407161511-f2bf8873711b/go.mod h1:8YZLMpWrO1iBXhfnHKA/GgDTcjcE0WdN5CUqvV2LatA=
github.com/spinframework/spin-go-sdk/v3 v3.0.0-20260417020246-e44427ee1b9c h1:j7BrmdwgQv/reeFWEfWXmJGva3MZ18H36ZK0+Pb/WrM=
github.com/spinframework/spin-go-sdk/v3 v3.0.0-20260417020246-e44427ee1b9c/go.mod h1:8YZLMpWrO1iBXhfnHKA/GgDTcjcE0WdN5CUqvV2LatA=
go.bytecodealliance.org/pkg v0.2.1 h1:TdRagooIcCW3UmlKqVO4cDR3GNDyfDnbiBzGI6TOvyg=
go.bytecodealliance.org/pkg v0.2.1/go.mod h1:OjA+V8g3uUFixeCKFfamm6sYhTJdg8fvwEdJ2GO0GSk=
golang.org/x/sys v0.0.0-20190509141414-a5b02f93d862/go.mod h1:h1NjWce9XRLGQEsW7wpKNCjG9DtNlClVuFLEZdDNbEs=
golang.org/x/sys v0.43.0 h1:Rlag2XtaFTxp19wS8MXlJwTvoh8ArU6ezoyFsMyCTNI=
golang.org/x/sys v0.43.0/go.mod h1:4GL1E5IUh+htKOUEOaiffhrAeqysfVGipDYzABqnCmw=
